
Microsoft Visual Studio Solution File, Format Version 12.00
# Visual Studio Express 2012 for Windows Desktop
Project("{8BC9CEB8-8B4A-11D0-8D11-00A0C91BC942}") = "20181002 또변수", "20181002 또변수\20181002 또변수.vcxproj", "{20062DA6-9D7A-44D6-B0EC-4976155ED85D}"
EndProject
Project("{8BC9CEB8-8B4A-11D0-8D11-00A0C91BC942}") = "20181016 루프", "20181016 루프\20181016 루프.vcxproj", "{88EB8067-8251-4603-B99E-B7624DDEAB43}"
EndProject
Project("{8BC9CEB8-8B4A-11D0-8D11-00A0C91BC942}") = "1023 함수", "1023 함수\1023 함수.vcxproj", "{3983C4B3-A40F-440A-9CFE-D1AE9C899F35}"
EndProject
Project("{8BC9CEB8-8B4A-11D0-8D11-00A0C91BC942}") = "20181030 배열array", "20181030 배열array\20181030 배열array.vcxproj", "{FC559C13-6D89-4B6C-A590-18320D12AC92}"
EndProject
Project("{8BC9CEB8-8B4A-11D0-8D11-00A0C91BC942}") = "20181106 포인터", "20181106 포인터\20181106 포인터.vcxproj", "{3383B969-42FD-4D47-8BC5-C29C71CB2CBF}"
EndProject
Project("{8BC9CEB8-8B4A-11D0-8D11-00A0C91BC942}") = "20181106 폴바이포인터", "20181106 폴바이포인터\20181106 폴바이포인터.vcxproj", "{76194E52-EE44-4CFF-B5B9-2B4756EB3FFB}"
EndProject
Project("{8BC9CEB8-8B4A-11D0-8D11-00A0C91BC942}") = "20181106 swap 스왑", "20181106 swap 스왑\20181106 swap 스왑.vcxproj", "{F953E7B4-23E9-4FC3-8624-D2413A3B8D6A}"
EndProject
Project("{8BC9CEB8-8B4A-11D0-8D11-00A0C91BC942}") = "20181106 포인터for", "20181106 포인터for\20181106 포인터for.vcxproj", "{6CCF0214-5BAB-47D3-8DDA-8CEB5E5B7B4B}"
EndProject
Project("{8BC9CEB8-8B4A-11D0-8D11-00A0C91BC942}") = "연습", "연습\연습.vcxproj", "{34019436-2023-4F7D-9870-9B7C64D181D3}"
EndProject
Project("{8BC9CEB8-8B4A-11D0-8D11-00A0C91BC942}") = "20181113 수업", "20181113 수업\20181113 수업.vcxproj", "{EA5BB312-E0B7-42F8-A68D-10EFDDEE51B4}"
EndProject
Project("{8BC9CEB8-8B4A-11D0-8D11-00A0C91BC942}") = "20181113 선택정렬", "20181113 선택정렬\20181113 선택정렬.vcxproj", "{6A7B7143-A451-447F-9383-9F7703ABCA56}"
EndProject
Project("{8BC9CEB8-8B4A-11D0-8D11-00A0C91BC942}") = "20181120 삽입정렬", "20181120 삽입정렬\20181120 삽입정렬.vcxproj", "{82427913-F7B8-4D10-84E3-18957B0AAFF1}"
EndProject
Project("{8BC9CEB8-8B4A-11D0-8D11-00A0C91BC942}") = "20181127 구조체", "20181127 구조체\20181127 구조체.vcxproj", "{2EF073C3-E92E-46DD-8285-F191A2B45FC4}"
EndProject
Project("{8BC9CEB8-8B4A-11D0-8D11-00A0C91BC942}") = "20181204 동적할당", "20181204 동적할당\20181204 동적할당.vcxproj", "{4DE655D6-531A-4E73-9390-58887687EE3F}"
EndProject
Project("{8BC9CEB8-8B4A-11D0-8D11-00A0C91BC942}") = "20181204 linked list", "20181204 linked list\20181204 linked list.vcxproj", "{13E625F5-CD9B-46D4-B959-742C93791257}"
EndProject
Project("{8BC9CEB8-8B4A-11D0-8D11-00A0C91BC942}") = "20181211 수업", "20181211 수업\20181211 수업.vcxproj", "{9BB2C815-A571-4020-95A9-D2505A933780}"
EndProject
Global
	GlobalSection(SolutionConfigurationPlatforms) = preSolution
		Debug|Any CPU = Debug|Any CPU
		Debug|Mixed Platforms = Debug|Mixed Platforms
		Debug|Win32 = Debug|Win32
		Release|Any CPU = Release|Any CPU
		Release|Mixed Platforms = Release|Mixed Platforms
		Release|Win32 = Release|Win32
	EndGlobalSection
	GlobalSection(ProjectConfigurationPlatforms) = postSolution
		{20062DA6-9D7A-44D6-B0EC-4976155ED85D}.Debug|Any CPU.ActiveCfg = Debug|Win32
		{20062DA6-9D7A-44D6-B0EC-4976155ED85D}.Debug|Mixed Platforms.ActiveCfg = Debug|Win32
		{20062DA6-9D7A-44D6-B0EC-4976155ED85D}.Debug|Mixed Platforms.Build.0 = Debug|Win32
		{20062DA6-9D7A-44D6-B0EC-4976155ED85D}.Debug|Win32.ActiveCfg = Debug|Win32
		{20062DA6-9D7A-44D6-B0EC-4976155ED85D}.Debug|Win32.Build.0 = Debug|Win32
		{20062DA6-9D7A-44D6-B0EC-4976155ED85D}.Release|Any CPU.ActiveCfg = Release|Win32
		{20062DA6-9D7A-44D6-B0EC-4976155ED85D}.Release|Mixed Platforms.ActiveCfg = Release|Win32
		{20062DA6-9D7A-44D6-B0EC-4976155ED85D}.Release|Mixed Platforms.Build.0 = Release|Win32
		{20062DA6-9D7A-44D6-B0EC-4976155ED85D}.Release|Win32.ActiveCfg = Release|Win32
		{20062DA6-9D7A-44D6-B0EC-4976155ED85D}.Release|Win32.Build.0 = Release|Win32
		{88EB8067-8251-4603-B99E-B7624DDEAB43}.Debug|Any CPU.ActiveCfg = Debug|Win32
		{88EB8067-8251-4603-B99E-B7624DDEAB43}.Debug|Mixed Platforms.ActiveCfg = Debug|Win32
		{88EB8067-8251-4603-B99E-B7624DDEAB43}.Debug|Mixed Platforms.Build.0 = Debug|Win32
		{88EB8067-8251-4603-B99E-B7624DDEAB43}.Debug|Win32.ActiveCfg = Debug|Win32
		{88EB8067-8251-4603-B99E-B7624DDEAB43}.Debug|Win32.Build.0 = Debug|Win32
		{88EB8067-8251-4603-B99E-B7624DDEAB43}.Release|Any CPU.ActiveCfg = Release|Win32
		{88EB8067-8251-4603-B99E-B7624DDEAB43}.Release|Mixed Platforms.ActiveCfg = Release|Win32
		{88EB8067-8251-4603-B99E-B7624DDEAB43}.Release|Mixed Platforms.Build.0 = Release|Win32
		{88EB8067-8251-4603-B99E-B7624DDEAB43}.Release|Win32.ActiveCfg = Release|Win32
		{88EB8067-8251-4603-B99E-B7624DDEAB43}.Release|Win32.Build.0 = Release|Win32
		{3983C4B3-A40F-440A-9CFE-D1AE9C899F35}.Debug|Any CPU.ActiveCfg = Debug|Win32
		{3983C4B3-A40F-440A-9CFE-D1AE9C899F35}.Debug|Mixed Platforms.ActiveCfg = Debug|Win32
		{3983C4B3-A40F-440A-9CFE-D1AE9C899F35}.Debug|Mixed Platforms.Build.0 = Debug|Win32
		{3983C4B3-A40F-440A-9CFE-D1AE9C899F35}.Debug|Win32.ActiveCfg = Debug|Win32
		{3983C4B3-A40F-440A-9CFE-D1AE9C899F35}.Debug|Win32.Build.0 = Debug|Win32
		{3983C4B3-A40F-440A-9CFE-D1AE9C899F35}.Release|Any CPU.ActiveCfg = Release|Win32
		{3983C4B3-A40F-440A-9CFE-D1AE9C899F35}.Release|Mixed Platforms.ActiveCfg = Release|Win32
		{3983C4B3-A40F-440A-9CFE-D1AE9C899F35}.Release|Mixed Platforms.Build.0 = Release|Win32
		{3983C4B3-A40F-440A-9CFE-D1AE9C899F35}.Release|Win32.ActiveCfg = Release|Win32
		{3983C4B3-A40F-440A-9CFE-D1AE9C899F35}.Release|Win32.Build.0 = Release|Win32
		{FC559C13-6D89-4B6C-A590-18320D12AC92}.Debug|Any CPU.ActiveCfg = Debug|Win32
		{FC559C13-6D89-4B6C-A590-18320D12AC92}.Debug|Mixed Platforms.ActiveCfg = Debug|Win32
		{FC559C13-6D89-4B6C-A590-18320D12AC92}.Debug|Mixed Platforms.Build.0 = Debug|Win32
		{FC559C13-6D89-4B6C-A590-18320D12AC92}.Debug|Win32.ActiveCfg = Debug|Win32
		{FC559C13-6D89-4B6C-A590-18320D12AC92}.Debug|Win32.Build.0 = Debug|Win32
		{FC559C13-6D89-4B6C-A590-18320D12AC92}.Release|Any CPU.ActiveCfg = Release|Win32
		{FC559C13-6D89-4B6C-A590-18320D12AC92}.Release|Mixed Platforms.ActiveCfg = Release|Win32
		{FC559C13-6D89-4B6C-A590-18320D12AC92}.Release|Mixed Platforms.Build.0 = Release|Win32
		{FC559C13-6D89-4B6C-A590-18320D12AC92}.Release|Win32.ActiveCfg = Release|Win32
		{FC559C13-6D89-4B6C-A590-18320D12AC92}.Release|Win32.Build.0 = Release|Win32
		{3383B969-42FD-4D47-8BC5-C29C71CB2CBF}.Debug|Any CPU.ActiveCfg = Debug|Win32
		{3383B969-42FD-4D47-8BC5-C29C71CB2CBF}.Debug|Mixed Platforms.ActiveCfg = Debug|Win32
		{3383B969-42FD-4D47-8BC5-C29C71CB2CBF}.Debug|Mixed Platforms.Build.0 = Debug|Win32
		{3383B969-42FD-4D47-8BC5-C29C71CB2CBF}.Debug|Win32.ActiveCfg = Debug|Win32
		{3383B969-42FD-4D47-8BC5-C29C71CB2CBF}.Debug|Win32.Build.0 = Debug|Win32
		{3383B969-42FD-4D47-8BC5-C29C71CB2CBF}.Release|Any CPU.ActiveCfg = Release|Win32
		{3383B969-42FD-4D47-8BC5-C29C71CB2CBF}.Release|Mixed Platforms.ActiveCfg = Release|Win32
		{3383B969-42FD-4D47-8BC5-C29C71CB2CBF}.Release|Mixed Platforms.Build.0 = Release|Win32
		{3383B969-42FD-4D47-8BC5-C29C71CB2CBF}.Release|Win32.ActiveCfg = Release|Win32
		{3383B969-42FD-4D47-8BC5-C29C71CB2CBF}.Release|Win32.Build.0 = Release|Win32
		{76194E52-EE44-4CFF-B5B9-2B4756EB3FFB}.Debug|Any CPU.ActiveCfg = Debug|Win32
		{76194E52-EE44-4CFF-B5B9-2B4756EB3FFB}.Debug|Mixed Platforms.ActiveCfg = Debug|Win32
		{76194E52-EE44-4CFF-B5B9-2B4756EB3FFB}.Debug|Mixed Platforms.Build.0 = Debug|Win32
		{76194E52-EE44-4CFF-B5B9-2B4756EB3FFB}.Debug|Win32.ActiveCfg = Debug|Win32
		{76194E52-EE44-4CFF-B5B9-2B4756EB3FFB}.Debug|Win32.Build.0 = Debug|Win32
		{76194E52-EE44-4CFF-B5B9-2B4756EB3FFB}.Release|Any CPU.ActiveCfg = Release|Win32
		{76194E52-EE44-4CFF-B5B9-2B4756EB3FFB}.Release|Mixed Platforms.ActiveCfg = Release|Win32
		{76194E52-EE44-4CFF-B5B9-2B4756EB3FFB}.Release|Mixed Platforms.Build.0 = Release|Win32
		{76194E52-EE44-4CFF-B5B9-2B4756EB3FFB}.Release|Win32.ActiveCfg = Release|Win32
		{76194E52-EE44-4CFF-B5B9-2B4756EB3FFB}.Release|Win32.Build.0 = Release|Win32
		{F953E7B4-23E9-4FC3-8624-D2413A3B8D6A}.Debug|Any CPU.ActiveCfg = Debug|Win32
		{F953E7B4-23E9-4FC3-8624-D2413A3B8D6A}.Debug|Mixed Platforms.ActiveCfg = Debug|Win32
		{F953E7B4-23E9-4FC3-8624-D2413A3B8D6A}.Debug|Mixed Platforms.Build.0 = Debug|Win32
		{F953E7B4-23E9-4FC3-8624-D2413A3B8D6A}.Debug|Win32.ActiveCfg = Debug|Win32
		{F953E7B4-23E9-4FC3-8624-D2413A3B8D6A}.Debug|Win32.Build.0 = Debug|Win32
		{F953E7B4-23E9-4FC3-8624-D2413A3B8D6A}.Release|Any CPU.ActiveCfg = Release|Win32
		{F953E7B4-23E9-4FC3-8624-D2413A3B8D6A}.Release|Mixed Platforms.ActiveCfg = Release|Win32
		{F953E7B4-23E9-4FC3-8624-D2413A3B8D6A}.Release|Mixed Platforms.Build.0 = Release|Win32
		{F953E7B4-23E9-4FC3-8624-D2413A3B8D6A}.Release|Win32.ActiveCfg = Release|Win32
		{F953E7B4-23E9-4FC3-8624-D2413A3B8D6A}.Release|Win32.Build.0 = Release|Win32
		{6CCF0214-5BAB-47D3-8DDA-8CEB5E5B7B4B}.Debug|Any CPU.ActiveCfg = Debug|Win32
		{6CCF0214-5BAB-47D3-8DDA-8CEB5E5B7B4B}.Debug|Mixed Platforms.ActiveCfg = Debug|Win32
		{6CCF0214-5BAB-47D3-8DDA-8CEB5E5B7B4B}.Debug|Mixed Platforms.Build.0 = Debug|Win32
		{6CCF0214-5BAB-47D3-8DDA-8CEB5E5B7B4B}.Debug|Win32.ActiveCfg = Debug|Win32
		{6CCF0214-5BAB-47D3-8DDA-8CEB5E5B7B4B}.Debug|Win32.Build.0 = Debug|Win32
		{6CCF0214-5BAB-47D3-8DDA-8CEB5E5B7B4B}.Release|Any CPU.ActiveCfg = Release|Win32
		{6CCF0214-5BAB-47D3-8DDA-8CEB5E5B7B4B}.Release|Mixed Platforms.ActiveCfg = Release|Win32
		{6CCF0214-5BAB-47D3-8DDA-8CEB5E5B7B4B}.Release|Mixed Platforms.Build.0 = Release|Win32
		{6CCF0214-5BAB-47D3-8DDA-8CEB5E5B7B4B}.Release|Win32.ActiveCfg = Release|Win32
		{6CCF0214-5BAB-47D3-8DDA-8CEB5E5B7B4B}.Release|Win32.Build.0 = Release|Win32
		{34019436-2023-4F7D-9870-9B7C64D181D3}.Debug|Any CPU.ActiveCfg = Debug|Win32
		{34019436-2023-4F7D-9870-9B7C64D181D3}.Debug|Mixed Platforms.ActiveCfg = Debug|Win32
		{34019436-2023-4F7D-9870-9B7C64D181D3}.Debug|Mixed Platforms.Build.0 = Debug|Win32
		{34019436-2023-4F7D-9870-9B7C64D181D3}.Debug|Win32.ActiveCfg = Debug|Win32
		{34019436-2023-4F7D-9870-9B7C64D181D3}.Debug|Win32.Build.0 = Debug|Win32
		{34019436-2023-4F7D-9870-9B7C64D181D3}.Release|Any CPU.ActiveCfg = Release|Win32
		{34019436-2023-4F7D-9870-9B7C64D181D3}.Release|Mixed Platforms.ActiveCfg = Release|Win32
		{34019436-2023-4F7D-9870-9B7C64D181D3}.Release|Mixed Platforms.Build.0 = Release|Win32
		{34019436-2023-4F7D-9870-9B7C64D181D3}.Release|Win32.ActiveCfg = Release|Win32
		{34019436-2023-4F7D-9870-9B7C64D181D3}.Release|Win32.Build.0 = Release|Win32
		{EA5BB312-E0B7-42F8-A68D-10EFDDEE51B4}.Debug|Any CPU.ActiveCfg = Debug|Win32
		{EA5BB312-E0B7-42F8-A68D-10EFDDEE51B4}.Debug|Mixed Platforms.ActiveCfg = Debug|Win32
		{EA5BB312-E0B7-42F8-A68D-10EFDDEE51B4}.Debug|Mixed Platforms.Build.0 = Debug|Win32
		{EA5BB312-E0B7-42F8-A68D-10EFDDEE51B4}.Debug|Win32.ActiveCfg = Debug|Win32
		{EA5BB312-E0B7-42F8-A68D-10EFDDEE51B4}.Debug|Win32.Build.0 = Debug|Win32
		{EA5BB312-E0B7-42F8-A68D-10EFDDEE51B4}.Release|Any CPU.ActiveCfg = Release|Win32
		{EA5BB312-E0B7-42F8-A68D-10EFDDEE51B4}.Release|Mixed Platforms.ActiveCfg = Release|Win32
		{EA5BB312-E0B7-42F8-A68D-10EFDDEE51B4}.Release|Mixed Platforms.Build.0 = Release|Win32
		{EA5BB312-E0B7-42F8-A68D-10EFDDEE51B4}.Release|Win32.ActiveCfg = Release|Win32
		{EA5BB312-E0B7-42F8-A68D-10EFDDEE51B4}.Release|Win32.Build.0 = Release|Win32
		{6A7B7143-A451-447F-9383-9F7703ABCA56}.Debug|Any CPU.ActiveCfg = Debug|Win32
		{6A7B7143-A451-447F-9383-9F7703ABCA56}.Debug|Mixed Platforms.ActiveCfg = Debug|Win32
		{6A7B7143-A451-447F-9383-9F7703ABCA56}.Debug|Mixed Platforms.Build.0 = Debug|Win32
		{6A7B7143-A451-447F-9383-9F7703ABCA56}.Debug|Win32.ActiveCfg = Debug|Win32
		{6A7B7143-A451-447F-9383-9F7703ABCA56}.Debug|Win32.Build.0 = Debug|Win32
		{6A7B7143-A451-447F-9383-9F7703ABCA56}.Release|Any CPU.ActiveCfg = Release|Win32
		{6A7B7143-A451-447F-9383-9F7703ABCA56}.Release|Mixed Platforms.ActiveCfg = Release|Win32
		{6A7B7143-A451-447F-9383-9F7703ABCA56}.Release|Mixed Platforms.Build.0 = Release|Win32
		{6A7B7143-A451-447F-9383-9F7703ABCA56}.Release|Win32.ActiveCfg = Release|Win32
		{6A7B7143-A451-447F-9383-9F7703ABCA56}.Release|Win32.Build.0 = Release|Win32
		{82427913-F7B8-4D10-84E3-18957B0AAFF1}.Debug|Any CPU.ActiveCfg = Debug|Win32
		{82427913-F7B8-4D10-84E3-18957B0AAFF1}.Debug|Mixed Platforms.ActiveCfg = Debug|Win32
		{82427913-F7B8-4D10-84E3-18957B0AAFF1}.Debug|Mixed Platforms.Build.0 = Debug|Win32
		{82427913-F7B8-4D10-84E3-18957B0AAFF1}.Debug|Win32.ActiveCfg = Debug|Win32
		{82427913-F7B8-4D10-84E3-18957B0AAFF1}.Debug|Win32.Build.0 = Debug|Win32
		{82427913-F7B8-4D10-84E3-18957B0AAFF1}.Release|Any CPU.ActiveCfg = Release|Win32
		{82427913-F7B8-4D10-84E3-18957B0AAFF1}.Release|Mixed Platforms.ActiveCfg = Release|Win32
		{82427913-F7B8-4D10-84E3-18957B0AAFF1}.Release|Mixed Platforms.Build.0 = Release|Win32
		{82427913-F7B8-4D10-84E3-18957B0AAFF1}.Release|Win32.ActiveCfg = Release|Win32
		{82427913-F7B8-4D10-84E3-18957B0AAFF1}.Release|Win32.Build.0 = Release|Win32
		{2EF073C3-E92E-46DD-8285-F191A2B45FC4}.Debug|Any CPU.ActiveCfg = Debug|Win32
		{2EF073C3-E92E-46DD-8285-F191A2B45FC4}.Debug|Mixed Platforms.ActiveCfg = Debug|Win32
		{2EF073C3-E92E-46DD-8285-F191A2B45FC4}.Debug|Mixed Platforms.Build.0 = Debug|Win32
		{2EF073C3-E92E-46DD-8285-F191A2B45FC4}.Debug|Win32.ActiveCfg = Debug|Win32
		{2EF073C3-E92E-46DD-8285-F191A2B45FC4}.Debug|Win32.Build.0 = Debug|Win32
		{2EF073C3-E92E-46DD-8285-F191A2B45FC4}.Release|Any CPU.ActiveCfg = Release|Win32
		{2EF073C3-E92E-46DD-8285-F191A2B45FC4}.Release|Mixed Platforms.ActiveCfg = Release|Win32
		{2EF073C3-E92E-46DD-8285-F191A2B45FC4}.Release|Mixed Platforms.Build.0 = Release|Win32
		{2EF073C3-E92E-46DD-8285-F191A2B45FC4}.Release|Win32.ActiveCfg = Release|Win32
		{2EF073C3-E92E-46DD-8285-F191A2B45FC4}.Release|Win32.Build.0 = Release|Win32
		{4DE655D6-531A-4E73-9390-58887687EE3F}.Debug|Any CPU.ActiveCfg = Debug|Win32
		{4DE655D6-531A-4E73-9390-58887687EE3F}.Debug|Mixed Platforms.ActiveCfg = Debug|Win32
		{4DE655D6-531A-4E73-9390-58887687EE3F}.Debug|Mixed Platforms.Build.0 = Debug|Win32
		{4DE655D6-531A-4E73-9390-58887687EE3F}.Debug|Win32.ActiveCfg = Debug|Win32
		{4DE655D6-531A-4E73-9390-58887687EE3F}.Debug|Win32.Build.0 = Debug|Win32
		{4DE655D6-531A-4E73-9390-58887687EE3F}.Release|Any CPU.ActiveCfg = Release|Win32
		{4DE655D6-531A-4E73-9390-58887687EE3F}.Release|Mixed Platforms.ActiveCfg = Release|Win32
		{4DE655D6-531A-4E73-9390-58887687EE3F}.Release|Mixed Platforms.Build.0 = Release|Win32
		{4DE655D6-531A-4E73-9390-58887687EE3F}.Release|Win32.ActiveCfg = Release|Win32
		{4DE655D6-531A-4E73-9390-58887687EE3F}.Release|Win32.Build.0 = Release|Win32
		{13E625F5-CD9B-46D4-B959-742C93791257}.Debug|Any CPU.ActiveCfg = Debug|Win32
		{13E625F5-CD9B-46D4-B959-742C93791257}.Debug|Mixed Platforms.ActiveCfg = Debug|Win32
		{13E625F5-CD9B-46D4-B959-742C93791257}.Debug|Mixed Platforms.Build.0 = Debug|Win32
		{13E625F5-CD9B-46D4-B959-742C93791257}.Debug|Win32.ActiveCfg = Debug|Win32
		{13E625F5-CD9B-46D4-B959-742C93791257}.Debug|Win32.Build.0 = Debug|Win32
		{13E625F5-CD9B-46D4-B959-742C93791257}.Release|Any CPU.ActiveCfg = Release|Win32
		{13E625F5-CD9B-46D4-B959-742C93791257}.Release|Mixed Platforms.ActiveCfg = Release|Win32
		{13E625F5-CD9B-46D4-B959-742C93791257}.Release|Mixed Platforms.Build.0 = Release|Win32
		{13E625F5-CD9B-46D4-B959-742C93791257}.Release|Win32.ActiveCfg = Release|Win32
		{13E625F5-CD9B-46D4-B959-742C93791257}.Release|Win32.Build.0 = Release|Win32
		{9BB2C815-A571-4020-95A9-D2505A933780}.Debug|Any CPU.ActiveCfg = Debug|Win32
		{9BB2C815-A571-4020-95A9-D2505A933780}.Debug|Mixed Platforms.ActiveCfg = Debug|Win32
		{9BB2C815-A571-4020-95A9-D2505A933780}.Debug|Mixed Platforms.Build.0 = Debug|Win32
		{9BB2C815-A571-4020-95A9-D2505A933780}.Debug|Win32.ActiveCfg = Debug|Win32
		{9BB2C815-A571-4020-95A9-D2505A933780}.Debug|Win32.Build.0 = Debug|Win32
		{9BB2C815-A571-4020-95A9-D2505A933780}.Release|Any CPU.ActiveCfg = Release|Win32
		{9BB2C815-A571-4020-95A9-D2505A933780}.Release|Mixed Platforms.ActiveCfg = Release|Win32
		{9BB2C815-A571-4020-95A9-D2505A933780}.Release|Mixed Platforms.Build.0 = Release|Win32
		{9BB2C815-A571-4020-95A9-D2505A933780}.Release|Win32.ActiveCfg = Release|Win32
		{9BB2C815-A571-4020-95A9-D2505A933780}.Release|Win32.Build.0 = Release|Win32
	EndGlobalSection
	GlobalSection(SolutionProperties) = preSolution
		HideSolutionNode = FALSE
	EndGlobalSection
EndGlobal
