
Microsoft Visual Studio Solution File, Format Version 12.00
# Visual Studio Express 2012 for Windows Desktop
Project("{8BC9CEB8-8B4A-11D0-8D11-00A0C91BC942}") = "HW 2-1", "HW 2-1\HW 2-1.vcxproj", "{9B23C068-B83A-42AC-8083-031D4D758BBD}"
EndProject
Project("{8BC9CEB8-8B4A-11D0-8D11-00A0C91BC942}") = "HW 2-2", "HW 2-2\HW 2-2.vcxproj", "{B0FB8FD6-074C-4A99-9238-6B02C2B7055C}"
EndProject
Project("{8BC9CEB8-8B4A-11D0-8D11-00A0C91BC942}") = "HW 2-3", "HW 2-3\HW 2-3.vcxproj", "{2530958D-7B59-4C65-BDD3-6BC7C90CDA6A}"
EndProject
Project("{8BC9CEB8-8B4A-11D0-8D11-00A0C91BC942}") = "HW 2-4", "HW 2-4\HW 2-4.vcxproj", "{5EF4986F-8073-4644-BB00-1A58D19FD6AD}"
EndProject
Project("{8BC9CEB8-8B4A-11D0-8D11-00A0C91BC942}") = "HW2-5", "HW2-5\HW2-5.vcxproj", "{F87A23CF-A952-4A97-B15F-FFBA148D93AA}"
EndProject
Project("{8BC9CEB8-8B4A-11D0-8D11-00A0C91BC942}") = "HW 2-6", "HW 2-6\HW 2-6.vcxproj", "{685C7EA6-591A-45A4-9296-D7E617AE7020}"
EndProject
Project("{8BC9CEB8-8B4A-11D0-8D11-00A0C91BC942}") = "HW 2-7", "HW 2-7\HW 2-7.vcxproj", "{4896541B-F2ED-48DC-A88B-284D6CE5C26F}"
EndProject
Project("{8BC9CEB8-8B4A-11D0-8D11-00A0C91BC942}") = "HW 2-8", "HW 2-8\HW 2-8.vcxproj", "{879A5814-33E6-48D9-8187-5698C05A1A98}"
EndProject
Project("{8BC9CEB8-8B4A-11D0-8D11-00A0C91BC942}") = "HW 2-9", "HW 2-9\HW 2-9.vcxproj", "{85B296AD-01C6-4C9B-AC13-2F38A634386F}"
EndProject
Project("{8BC9CEB8-8B4A-11D0-8D11-00A0C91BC942}") = "HW 2-10", "HW 2-10\HW 2-10.vcxproj", "{B6F7D00A-7DC6-4D10-93D0-6235B8A7A920}"
EndProject
Project("{8BC9CEB8-8B4A-11D0-8D11-00A0C91BC942}") = "HW 2-11", "HW 2-11\HW 2-11.vcxproj", "{07CA31F0-43F5-4C41-9AE5-F5302ADEAFAB}"
EndProject
Project("{8BC9CEB8-8B4A-11D0-8D11-00A0C91BC942}") = "HW 2-12", "HW 2-12\HW 2-12.vcxproj", "{B174441F-0F5A-449B-8797-81102E13B130}"
EndProject
Project("{8BC9CEB8-8B4A-11D0-8D11-00A0C91BC942}") = "HW 2-14", "HW 2-14\HW 2-14.vcxproj", "{7FC9E16D-F286-4C69-ABDD-801D85F47574}"
EndProject
Project("{8BC9CEB8-8B4A-11D0-8D11-00A0C91BC942}") = "HW 2-15", "HW 2-15\HW 2-15.vcxproj", "{91E1FBEF-469B-4F6C-B65A-58708F7BBA66}"
EndProject
Global
	GlobalSection(SolutionConfigurationPlatforms) = preSolution
		Debug|Win32 = Debug|Win32
		Release|Win32 = Release|Win32
	EndGlobalSection
	GlobalSection(ProjectConfigurationPlatforms) = postSolution
		{9B23C068-B83A-42AC-8083-031D4D758BBD}.Debug|Win32.ActiveCfg = Debug|Win32
		{9B23C068-B83A-42AC-8083-031D4D758BBD}.Debug|Win32.Build.0 = Debug|Win32
		{9B23C068-B83A-42AC-8083-031D4D758BBD}.Release|Win32.ActiveCfg = Release|Win32
		{9B23C068-B83A-42AC-8083-031D4D758BBD}.Release|Win32.Build.0 = Release|Win32
		{B0FB8FD6-074C-4A99-9238-6B02C2B7055C}.Debug|Win32.ActiveCfg = Debug|Win32
		{B0FB8FD6-074C-4A99-9238-6B02C2B7055C}.Debug|Win32.Build.0 = Debug|Win32
		{B0FB8FD6-074C-4A99-9238-6B02C2B7055C}.Release|Win32.ActiveCfg = Release|Win32
		{B0FB8FD6-074C-4A99-9238-6B02C2B7055C}.Release|Win32.Build.0 = Release|Win32
		{2530958D-7B59-4C65-BDD3-6BC7C90CDA6A}.Debug|Win32.ActiveCfg = Debug|Win32
		{2530958D-7B59-4C65-BDD3-6BC7C90CDA6A}.Debug|Win32.Build.0 = Debug|Win32
		{2530958D-7B59-4C65-BDD3-6BC7C90CDA6A}.Release|Win32.ActiveCfg = Release|Win32
		{2530958D-7B59-4C65-BDD3-6BC7C90CDA6A}.Release|Win32.Build.0 = Release|Win32
		{5EF4986F-8073-4644-BB00-1A58D19FD6AD}.Debug|Win32.ActiveCfg = Debug|Win32
		{5EF4986F-8073-4644-BB00-1A58D19FD6AD}.Debug|Win32.Build.0 = Debug|Win32
		{5EF4986F-8073-4644-BB00-1A58D19FD6AD}.Release|Win32.ActiveCfg = Release|Win32
		{5EF4986F-8073-4644-BB00-1A58D19FD6AD}.Release|Win32.Build.0 = Release|Win32
		{F87A23CF-A952-4A97-B15F-FFBA148D93AA}.Debug|Win32.ActiveCfg = Debug|Win32
		{F87A23CF-A952-4A97-B15F-FFBA148D93AA}.Debug|Win32.Build.0 = Debug|Win32
		{F87A23CF-A952-4A97-B15F-FFBA148D93AA}.Release|Win32.ActiveCfg = Release|Win32
		{F87A23CF-A952-4A97-B15F-FFBA148D93AA}.Release|Win32.Build.0 = Release|Win32
		{685C7EA6-591A-45A4-9296-D7E617AE7020}.Debug|Win32.ActiveCfg = Debug|Win32
		{685C7EA6-591A-45A4-9296-D7E617AE7020}.Debug|Win32.Build.0 = Debug|Win32
		{685C7EA6-591A-45A4-9296-D7E617AE7020}.Release|Win32.ActiveCfg = Release|Win32
		{685C7EA6-591A-45A4-9296-D7E617AE7020}.Release|Win32.Build.0 = Release|Win32
		{4896541B-F2ED-48DC-A88B-284D6CE5C26F}.Debug|Win32.ActiveCfg = Debug|Win32
		{4896541B-F2ED-48DC-A88B-284D6CE5C26F}.Debug|Win32.Build.0 = Debug|Win32
		{4896541B-F2ED-48DC-A88B-284D6CE5C26F}.Release|Win32.ActiveCfg = Release|Win32
		{4896541B-F2ED-48DC-A88B-284D6CE5C26F}.Release|Win32.Build.0 = Release|Win32
		{879A5814-33E6-48D9-8187-5698C05A1A98}.Debug|Win32.ActiveCfg = Debug|Win32
		{879A5814-33E6-48D9-8187-5698C05A1A98}.Debug|Win32.Build.0 = Debug|Win32
		{879A5814-33E6-48D9-8187-5698C05A1A98}.Release|Win32.ActiveCfg = Release|Win32
		{879A5814-33E6-48D9-8187-5698C05A1A98}.Release|Win32.Build.0 = Release|Win32
		{85B296AD-01C6-4C9B-AC13-2F38A634386F}.Debug|Win32.ActiveCfg = Debug|Win32
		{85B296AD-01C6-4C9B-AC13-2F38A634386F}.Debug|Win32.Build.0 = Debug|Win32
		{85B296AD-01C6-4C9B-AC13-2F38A634386F}.Release|Win32.ActiveCfg = Release|Win32
		{85B296AD-01C6-4C9B-AC13-2F38A634386F}.Release|Win32.Build.0 = Release|Win32
		{B6F7D00A-7DC6-4D10-93D0-6235B8A7A920}.Debug|Win32.ActiveCfg = Debug|Win32
		{B6F7D00A-7DC6-4D10-93D0-6235B8A7A920}.Debug|Win32.Build.0 = Debug|Win32
		{B6F7D00A-7DC6-4D10-93D0-6235B8A7A920}.Release|Win32.ActiveCfg = Release|Win32
		{B6F7D00A-7DC6-4D10-93D0-6235B8A7A920}.Release|Win32.Build.0 = Release|Win32
		{07CA31F0-43F5-4C41-9AE5-F5302ADEAFAB}.Debug|Win32.ActiveCfg = Debug|Win32
		{07CA31F0-43F5-4C41-9AE5-F5302ADEAFAB}.Debug|Win32.Build.0 = Debug|Win32
		{07CA31F0-43F5-4C41-9AE5-F5302ADEAFAB}.Release|Win32.ActiveCfg = Release|Win32
		{07CA31F0-43F5-4C41-9AE5-F5302ADEAFAB}.Release|Win32.Build.0 = Release|Win32
		{B174441F-0F5A-449B-8797-81102E13B130}.Debug|Win32.ActiveCfg = Debug|Win32
		{B174441F-0F5A-449B-8797-81102E13B130}.Debug|Win32.Build.0 = Debug|Win32
		{B174441F-0F5A-449B-8797-81102E13B130}.Release|Win32.ActiveCfg = Release|Win32
		{B174441F-0F5A-449B-8797-81102E13B130}.Release|Win32.Build.0 = Release|Win32
		{7FC9E16D-F286-4C69-ABDD-801D85F47574}.Debug|Win32.ActiveCfg = Debug|Win32
		{7FC9E16D-F286-4C69-ABDD-801D85F47574}.Debug|Win32.Build.0 = Debug|Win32
		{7FC9E16D-F286-4C69-ABDD-801D85F47574}.Release|Win32.ActiveCfg = Release|Win32
		{7FC9E16D-F286-4C69-ABDD-801D85F47574}.Release|Win32.Build.0 = Release|Win32
		{91E1FBEF-469B-4F6C-B65A-58708F7BBA66}.Debug|Win32.ActiveCfg = Debug|Win32
		{91E1FBEF-469B-4F6C-B65A-58708F7BBA66}.Debug|Win32.Build.0 = Debug|Win32
		{91E1FBEF-469B-4F6C-B65A-58708F7BBA66}.Release|Win32.ActiveCfg = Release|Win32
		{91E1FBEF-469B-4F6C-B65A-58708F7BBA66}.Release|Win32.Build.0 = Release|Win32
	EndGlobalSection
	GlobalSection(SolutionProperties) = preSolution
		HideSolutionNode = FALSE
	EndGlobalSection
EndGlobal
